
Microsoft Visual Studio Solution File, Format Version 12.00
# Visual Studio 2012
Project("{FAE04EC0-301F-11D3-BF4B-00C04F79EFBC}") = "Mock", "Mock\Mock.csproj", "{89982814-9BBA-47A2-BC3B-4D9208C1A502}"
EndProject
Project("{FAE04EC0-301F-11D3-BF4B-00C04F79EFBC}") = "TaistControlSelecter", "TaistControlSelecter\TaistControlSelecter.csproj", "{A020EB72-6049-4E23-B9BF-8551DA60D894}"
EndProject
Project("{FAE04EC0-301F-11D3-BF4B-00C04F79EFBC}") = "Runner", "Runner\Runner.csproj", "{043D8DD1-B4A0-4F85-B747-B527FEAC76F2}"
EndProject
Project("{FAE04EC0-301F-11D3-BF4B-00C04F79EFBC}") = "Test", "Test\Test.csproj", "{0A57E8EC-1BD0-4D97-98D5-BAF52FE62DE4}"
EndProject
Global
	GlobalSection(SolutionConfigurationPlatforms) = preSolution
		Debug|Any CPU = Debug|Any CPU
		Debug|Mixed Platforms = Debug|Mixed Platforms
		Debug|Win32 = Debug|Win32
		Release|Any CPU = Release|Any CPU
		Release|Mixed Platforms = Release|Mixed Platforms
		Release|Win32 = Release|Win32
	EndGlobalSection
	GlobalSection(ProjectConfigurationPlatforms) = postSolution
		{89982814-9BBA-47A2-BC3B-4D9208C1A502}.Debug|Any CPU.ActiveCfg = Debug|Any CPU
		{89982814-9BBA-47A2-BC3B-4D9208C1A502}.Debug|Any CPU.Build.0 = Debug|Any CPU
		{89982814-9BBA-47A2-BC3B-4D9208C1A502}.Debug|Mixed Platforms.ActiveCfg = Debug|Any CPU
		{89982814-9BBA-47A2-BC3B-4D9208C1A502}.Debug|Mixed Platforms.Build.0 = Debug|Any CPU
		{89982814-9BBA-47A2-BC3B-4D9208C1A502}.Debug|Win32.ActiveCfg = Debug|Any CPU
		{89982814-9BBA-47A2-BC3B-4D9208C1A502}.Release|Any CPU.ActiveCfg = Release|Any CPU
		{89982814-9BBA-47A2-BC3B-4D9208C1A502}.Release|Any CPU.Build.0 = Release|Any CPU
		{89982814-9BBA-47A2-BC3B-4D9208C1A502}.Release|Mixed Platforms.ActiveCfg = Release|Any CPU
		{89982814-9BBA-47A2-BC3B-4D9208C1A502}.Release|Mixed Platforms.Build.0 = Release|Any CPU
		{89982814-9BBA-47A2-BC3B-4D9208C1A502}.Release|Win32.ActiveCfg = Release|Any CPU
		{A020EB72-6049-4E23-B9BF-8551DA60D894}.Debug|Any CPU.ActiveCfg = Debug|Any CPU
		{A020EB72-6049-4E23-B9BF-8551DA60D894}.Debug|Any CPU.Build.0 = Debug|Any CPU
		{A020EB72-6049-4E23-B9BF-8551DA60D894}.Debug|Mixed Platforms.ActiveCfg = Debug|Any CPU
		{A020EB72-6049-4E23-B9BF-8551DA60D894}.Debug|Mixed Platforms.Build.0 = Debug|Any CPU
		{A020EB72-6049-4E23-B9BF-8551DA60D894}.Debug|Win32.ActiveCfg = Debug|Any CPU
		{A020EB72-6049-4E23-B9BF-8551DA60D894}.Release|Any CPU.ActiveCfg = Release|Any CPU
		{A020EB72-6049-4E23-B9BF-8551DA60D894}.Release|Any CPU.Build.0 = Release|Any CPU
		{A020EB72-6049-4E23-B9BF-8551DA60D894}.Release|Mixed Platforms.ActiveCfg = Release|Any CPU
		{A020EB72-6049-4E23-B9BF-8551DA60D894}.Release|Mixed Platforms.Build.0 = Release|Any CPU
		{A020EB72-6049-4E23-B9BF-8551DA60D894}.Release|Win32.ActiveCfg = Release|Any CPU
		{043D8DD1-B4A0-4F85-B747-B527FEAC76F2}.Debug|Any CPU.ActiveCfg = Debug|Any CPU
		{043D8DD1-B4A0-4F85-B747-B527FEAC76F2}.Debug|Any CPU.Build.0 = Debug|Any CPU
		{043D8DD1-B4A0-4F85-B747-B527FEAC76F2}.Debug|Mixed Platforms.ActiveCfg = Debug|Any CPU
		{043D8DD1-B4A0-4F85-B747-B527FEAC76F2}.Debug|Mixed Platforms.Build.0 = Debug|Any CPU
		{043D8DD1-B4A0-4F85-B747-B527FEAC76F2}.Debug|Win32.ActiveCfg = Debug|Any CPU
		{043D8DD1-B4A0-4F85-B747-B527FEAC76F2}.Release|Any CPU.ActiveCfg = Release|Any CPU
		{043D8DD1-B4A0-4F85-B747-B527FEAC76F2}.Release|Any CPU.Build.0 = Release|Any CPU
		{043D8DD1-B4A0-4F85-B747-B527FEAC76F2}.Release|Mixed Platforms.ActiveCfg = Release|Any CPU
		{043D8DD1-B4A0-4F85-B747-B527FEAC76F2}.Release|Mixed Platforms.Build.0 = Release|Any CPU
		{043D8DD1-B4A0-4F85-B747-B527FEAC76F2}.Release|Win32.ActiveCfg = Release|Any CPU
		{0A57E8EC-1BD0-4D97-98D5-BAF52FE62DE4}.Debug|Any CPU.ActiveCfg = Debug|Any CPU
		{0A57E8EC-1BD0-4D97-98D5-BAF52FE62DE4}.Debug|Any CPU.Build.0 = Debug|Any CPU
		{0A57E8EC-1BD0-4D97-98D5-BAF52FE62DE4}.Debug|Mixed Platforms.ActiveCfg = Debug|Any CPU
		{0A57E8EC-1BD0-4D97-98D5-BAF52FE62DE4}.Debug|Mixed Platforms.Build.0 = Debug|Any CPU
		{0A57E8EC-1BD0-4D97-98D5-BAF52FE62DE4}.Debug|Win32.ActiveCfg = Debug|Any CPU
		{0A57E8EC-1BD0-4D97-98D5-BAF52FE62DE4}.Release|Any CPU.ActiveCfg = Release|Any CPU
		{0A57E8EC-1BD0-4D97-98D5-BAF52FE62DE4}.Release|Any CPU.Build.0 = Release|Any CPU
		{0A57E8EC-1BD0-4D97-98D5-BAF52FE62DE4}.Release|Mixed Platforms.ActiveCfg = Release|Any CPU
		{0A57E8EC-1BD0-4D97-98D5-BAF52FE62DE4}.Release|Mixed Platforms.Build.0 = Release|Any CPU
		{0A57E8EC-1BD0-4D97-98D5-BAF52FE62DE4}.Release|Win32.ActiveCfg = Release|Any CPU
	EndGlobalSection
	GlobalSection(SolutionProperties) = preSolution
		HideSolutionNode = FALSE
	EndGlobalSection
EndGlobal
